<Solution>
  <Project Path="RMS.AppHost\RMS.AppHost.csproj" />
  <Project Path="RMS.Application\RMS.Application.csproj" />
  <Project Path="RMS.Domain\RMS.Domain.csproj" />
  <Project Path="RMS.Infrastructure\RMS.Infrastructure.csproj" />
  <Project Path="RMS.MigrationService\RMS.MigrationService.csproj" />
  <Project Path="RMS.ServiceDefaults\RMS.ServiceDefaults.csproj" />
  <Project Path="RMS.Shared\RMS.Shared.csproj" />
  <Project Path="RMS.WebApi\RMS.WebApi.csproj" />
</Solution>
